
Microsoft Visual Studio Solution File, Format Version 12.00
# Visual Studio 2012
Project("{f2a71f9b-5d33-465a-a702-920d77279786}") = "FSharpWorkflow", "FSharpWorkflow\FSharpWorkflow.fsproj", "{6C544DF9-C206-41B1-AA68-716D058E359D}"
EndProject
Project("{f2a71f9b-5d33-465a-a702-920d77279786}") = "FSharpWorkflow.Tests", "FSharpWorkflow.Tests\FSharpWorkflow.Tests.fsproj", "{AA190C05-08EB-481C-92BD-3F40DA8CFB1A}"
EndProject
Global
	GlobalSection(SolutionConfigurationPlatforms) = preSolution
		Debug|Any CPU = Debug|Any CPU
		Release|Any CPU = Release|Any CPU
	EndGlobalSection
	GlobalSection(ProjectConfigurationPlatforms) = postSolution
		{6C544DF9-C206-41B1-AA68-716D058E359D}.Debug|Any CPU.ActiveCfg = Debug|Any CPU
		{6C544DF9-C206-41B1-AA68-716D058E359D}.Debug|Any CPU.Build.0 = Debug|Any CPU
		{6C544DF9-C206-41B1-AA68-716D058E359D}.Release|Any CPU.ActiveCfg = Release|Any CPU
		{6C544DF9-C206-41B1-AA68-716D058E359D}.Release|Any CPU.Build.0 = Release|Any CPU
		{AA190C05-08EB-481C-92BD-3F40DA8CFB1A}.Debug|Any CPU.ActiveCfg = Debug|Any CPU
		{AA190C05-08EB-481C-92BD-3F40DA8CFB1A}.Debug|Any CPU.Build.0 = Debug|Any CPU
		{AA190C05-08EB-481C-92BD-3F40DA8CFB1A}.Release|Any CPU.ActiveCfg = Release|Any CPU
		{AA190C05-08EB-481C-92BD-3F40DA8CFB1A}.Release|Any CPU.Build.0 = Release|Any CPU
	EndGlobalSection
EndGlobal
